
Microsoft Visual Studio Solution File, Format Version 12.00
# Visual Studio Version 17
VisualStudioVersion = 17.0.31808.319
MinimumVisualStudioVersion = 10.0.40219.1
Project("{2150E333-8FDC-42A3-9474-1A3956D46DE8}") = "src", "src", "{22CCF3EF-66E2-4710-8361-EBF5517A3B56}"
EndProject
Project("{2150E333-8FDC-42A3-9474-1A3956D46DE8}") = "Solution Items", "Solution Items", "{15B9616F-154A-4538-B862-EE5F4F852656}"
EndProject
Project("{9A19103F-16F7-4668-BE54-9A1E7A4F7556}") = "tusdotnet", "tusdotnet\tusdotnet.csproj", "{5BA9337D-1C0C-442C-BE96-95EBD542CA85}"
EndProject
Project("{2150E333-8FDC-42A3-9474-1A3956D46DE8}") = "test", "test", "{38F739AF-5933-4416-A148-33C126AB9021}"
EndProject
Project("{9A19103F-16F7-4668-BE54-9A1E7A4F7556}") = "tusdotnet.test", "tusdotnet.test\tusdotnet.test.csproj", "{AB58A78D-D964-4C63-85E6-514370E72BA8}"
EndProject
Project("{FAE04EC0-301F-11D3-BF4B-00C04F79EFBC}") = "Owin_net452_TestApp", "TestSites\Owin_net452_TestApp\Owin_net452_TestApp.csproj", "{5649B061-2966-4286-932C-EF03BEFB9E7E}"
EndProject
Project("{2150E333-8FDC-42A3-9474-1A3956D46DE8}") = "TestSites", "TestSites", "{90C4BEDA-24DD-4E2F-AE26-D909A9BEFE64}"
EndProject
Project("{9A19103F-16F7-4668-BE54-9A1E7A4F7556}") = "AspNetCore_net462_TestApp", "TestSites\AspNetCore_net462_TestApp\AspNetCore_net462_TestApp.csproj", "{9BE53A4B-8006-4944-B785-F95427AEB74A}"
EndProject
Project("{9A19103F-16F7-4668-BE54-9A1E7A4F7556}") = "AspNetCore_netcoreapp2.1_TestApp", "TestSites\AspNetCore_netcoreapp2.1_TestApp\AspNetCore_netcoreapp2.1_TestApp.csproj", "{EE308D15-9B63-4598-826B-382841E406C9}"
EndProject
Project("{9A19103F-16F7-4668-BE54-9A1E7A4F7556}") = "AspNetCore_netcoreapp2.2_TestApp", "TestSites\AspNetCore_netcoreapp2.2_TestApp\AspNetCore_netcoreapp2.2_TestApp.csproj", "{356CF8A1-03E1-40B9-945F-3C9D7F49DA91}"
EndProject
Project("{9A19103F-16F7-4668-BE54-9A1E7A4F7556}") = "tusdotnet.benchmark", "tusdotnet.benchmark\tusdotnet.benchmark.csproj", "{3E02BAE7-09DD-497D-B9B9-F2A0CD86C454}"
EndProject
Project("{9A19103F-16F7-4668-BE54-9A1E7A4F7556}") = "AspNetCore_netcoreapp3.0_TestApp", "TestSites\AspNetCore_netcoreapp3.0_TestApp\AspNetCore_netcoreapp3.0_TestApp.csproj", "{C84046AA-0E32-4F69-95AD-63AD0DD59204}"
EndProject
Project("{9A19103F-16F7-4668-BE54-9A1E7A4F7556}") = "AspNetCore_netcoreapp3.1_TestApp", "TestSites\AspNetCore_netcoreapp3.1_TestApp\AspNetCore_netcoreapp3.1_TestApp.csproj", "{9C7B1F58-A750-4BBF-BC76-028EA08574A3}"
EndProject
Project("{9A19103F-16F7-4668-BE54-9A1E7A4F7556}") = "tusdotnet.performance", "tusdotnet.performance\tusdotnet.performance.csproj", "{51AA47AB-05CE-48D9-8825-2F24F737589E}"
EndProject
Project("{FAE04EC0-301F-11D3-BF4B-00C04F79EFBC}") = "AspNetCore_net6.0_TestApp", "TestSites\AspNetCore_net6.0_TestApp\AspNetCore_net6.0_TestApp.csproj", "{A0BD0EEF-AD84-4A64-B02A-11C9675EF028}"
EndProject
Global
	GlobalSection(SolutionConfigurationPlatforms) = preSolution
		Debug|Any CPU = Debug|Any CPU
		Release|Any CPU = Release|Any CPU
	EndGlobalSection
	GlobalSection(ProjectConfigurationPlatforms) = postSolution
		{5BA9337D-1C0C-442C-BE96-95EBD542CA85}.Debug|Any CPU.ActiveCfg = Debug|Any CPU
		{5BA9337D-1C0C-442C-BE96-95EBD542CA85}.Debug|Any CPU.Build.0 = Debug|Any CPU
		{5BA9337D-1C0C-442C-BE96-95EBD542CA85}.Release|Any CPU.ActiveCfg = Release|Any CPU
		{5BA9337D-1C0C-442C-BE96-95EBD542CA85}.Release|Any CPU.Build.0 = Release|Any CPU
		{AB58A78D-D964-4C63-85E6-514370E72BA8}.Debug|Any CPU.ActiveCfg = Debug|Any CPU
		{AB58A78D-D964-4C63-85E6-514370E72BA8}.Debug|Any CPU.Build.0 = Debug|Any CPU
		{AB58A78D-D964-4C63-85E6-514370E72BA8}.Release|Any CPU.ActiveCfg = Release|Any CPU
		{AB58A78D-D964-4C63-85E6-514370E72BA8}.Release|Any CPU.Build.0 = Release|Any CPU
		{5649B061-2966-4286-932C-EF03BEFB9E7E}.Debug|Any CPU.ActiveCfg = Debug|Any CPU
		{5649B061-2966-4286-932C-EF03BEFB9E7E}.Debug|Any CPU.Build.0 = Debug|Any CPU
		{5649B061-2966-4286-932C-EF03BEFB9E7E}.Release|Any CPU.ActiveCfg = Release|Any CPU
		{5649B061-2966-4286-932C-EF03BEFB9E7E}.Release|Any CPU.Build.0 = Release|Any CPU
		{9BE53A4B-8006-4944-B785-F95427AEB74A}.Debug|Any CPU.ActiveCfg = Debug|Any CPU
		{9BE53A4B-8006-4944-B785-F95427AEB74A}.Debug|Any CPU.Build.0 = Debug|Any CPU
		{9BE53A4B-8006-4944-B785-F95427AEB74A}.Release|Any CPU.ActiveCfg = Release|Any CPU
		{9BE53A4B-8006-4944-B785-F95427AEB74A}.Release|Any CPU.Build.0 = Release|Any CPU
		{EE308D15-9B63-4598-826B-382841E406C9}.Debug|Any CPU.ActiveCfg = Debug|Any CPU
		{EE308D15-9B63-4598-826B-382841E406C9}.Debug|Any CPU.Build.0 = Debug|Any CPU
		{EE308D15-9B63-4598-826B-382841E406C9}.Release|Any CPU.ActiveCfg = Release|Any CPU
		{EE308D15-9B63-4598-826B-382841E406C9}.Release|Any CPU.Build.0 = Release|Any CPU
		{356CF8A1-03E1-40B9-945F-3C9D7F49DA91}.Debug|Any CPU.ActiveCfg = Debug|Any CPU
		{356CF8A1-03E1-40B9-945F-3C9D7F49DA91}.Debug|Any CPU.Build.0 = Debug|Any CPU
		{356CF8A1-03E1-40B9-945F-3C9D7F49DA91}.Release|Any CPU.ActiveCfg = Release|Any CPU
		{356CF8A1-03E1-40B9-945F-3C9D7F49DA91}.Release|Any CPU.Build.0 = Release|Any CPU
		{3E02BAE7-09DD-497D-B9B9-F2A0CD86C454}.Debug|Any CPU.ActiveCfg = Debug|Any CPU
		{3E02BAE7-09DD-497D-B9B9-F2A0CD86C454}.Debug|Any CPU.Build.0 = Debug|Any CPU
		{3E02BAE7-09DD-497D-B9B9-F2A0CD86C454}.Release|Any CPU.ActiveCfg = Release|Any CPU
		{3E02BAE7-09DD-497D-B9B9-F2A0CD86C454}.Release|Any CPU.Build.0 = Release|Any CPU
		{C84046AA-0E32-4F69-95AD-63AD0DD59204}.Debug|Any CPU.ActiveCfg = Debug|Any CPU
		{C84046AA-0E32-4F69-95AD-63AD0DD59204}.Debug|Any CPU.Build.0 = Debug|Any CPU
		{C84046AA-0E32-4F69-95AD-63AD0DD59204}.Release|Any CPU.ActiveCfg = Release|Any CPU
		{C84046AA-0E32-4F69-95AD-63AD0DD59204}.Release|Any CPU.Build.0 = Release|Any CPU
		{9C7B1F58-A750-4BBF-BC76-028EA08574A3}.Debug|Any CPU.ActiveCfg = Debug|Any CPU
		{9C7B1F58-A750-4BBF-BC76-028EA08574A3}.Debug|Any CPU.Build.0 = Debug|Any CPU
		{9C7B1F58-A750-4BBF-BC76-028EA08574A3}.Release|Any CPU.ActiveCfg = Release|Any CPU
		{9C7B1F58-A750-4BBF-BC76-028EA08574A3}.Release|Any CPU.Build.0 = Release|Any CPU
		{51AA47AB-05CE-48D9-8825-2F24F737589E}.Debug|Any CPU.ActiveCfg = Debug|Any CPU
		{51AA47AB-05CE-48D9-8825-2F24F737589E}.Debug|Any CPU.Build.0 = Debug|Any CPU
		{51AA47AB-05CE-48D9-8825-2F24F737589E}.Release|Any CPU.ActiveCfg = Release|Any CPU
		{51AA47AB-05CE-48D9-8825-2F24F737589E}.Release|Any CPU.Build.0 = Release|Any CPU
		{A0BD0EEF-AD84-4A64-B02A-11C9675EF028}.Debug|Any CPU.ActiveCfg = Debug|Any CPU
		{A0BD0EEF-AD84-4A64-B02A-11C9675EF028}.Debug|Any CPU.Build.0 = Debug|Any CPU
		{A0BD0EEF-AD84-4A64-B02A-11C9675EF028}.Release|Any CPU.ActiveCfg = Release|Any CPU
		{A0BD0EEF-AD84-4A64-B02A-11C9675EF028}.Release|Any CPU.Build.0 = Release|Any CPU
	EndGlobalSection
	GlobalSection(SolutionProperties) = preSolution
		HideSolutionNode = FALSE
	EndGlobalSection
	GlobalSection(NestedProjects) = preSolution
		{5BA9337D-1C0C-442C-BE96-95EBD542CA85} = {22CCF3EF-66E2-4710-8361-EBF5517A3B56}
		{AB58A78D-D964-4C63-85E6-514370E72BA8} = {38F739AF-5933-4416-A148-33C126AB9021}
		{5649B061-2966-4286-932C-EF03BEFB9E7E} = {90C4BEDA-24DD-4E2F-AE26-D909A9BEFE64}
		{90C4BEDA-24DD-4E2F-AE26-D909A9BEFE64} = {22CCF3EF-66E2-4710-8361-EBF5517A3B56}
		{9BE53A4B-8006-4944-B785-F95427AEB74A} = {90C4BEDA-24DD-4E2F-AE26-D909A9BEFE64}
		{EE308D15-9B63-4598-826B-382841E406C9} = {90C4BEDA-24DD-4E2F-AE26-D909A9BEFE64}
		{356CF8A1-03E1-40B9-945F-3C9D7F49DA91} = {90C4BEDA-24DD-4E2F-AE26-D909A9BEFE64}
		{3E02BAE7-09DD-497D-B9B9-F2A0CD86C454} = {38F739AF-5933-4416-A148-33C126AB9021}
		{C84046AA-0E32-4F69-95AD-63AD0DD59204} = {90C4BEDA-24DD-4E2F-AE26-D909A9BEFE64}
		{9C7B1F58-A750-4BBF-BC76-028EA08574A3} = {90C4BEDA-24DD-4E2F-AE26-D909A9BEFE64}
		{51AA47AB-05CE-48D9-8825-2F24F737589E} = {38F739AF-5933-4416-A148-33C126AB9021}
		{A0BD0EEF-AD84-4A64-B02A-11C9675EF028} = {90C4BEDA-24DD-4E2F-AE26-D909A9BEFE64}
	EndGlobalSection
	GlobalSection(ExtensibilityGlobals) = postSolution
		SolutionGuid = {B8AC21C3-0FBB-4B48-AB05-0523CCBAC8EC}
	EndGlobalSection
EndGlobal
