
Microsoft Visual Studio Solution File, Format Version 12.00
# Visual Studio 15
VisualStudioVersion = 15.0.26228.9
MinimumVisualStudioVersion = 10.0.40219.1
Project("{2150E333-8FDC-42A3-9474-1A3956D46DE8}") = "src", "src", "{22CCF3EF-66E2-4710-8361-EBF5517A3B56}"
EndProject
Project("{2150E333-8FDC-42A3-9474-1A3956D46DE8}") = "Solution Items", "Solution Items", "{15B9616F-154A-4538-B862-EE5F4F852656}"
EndProject
Project("{9A19103F-16F7-4668-BE54-9A1E7A4F7556}") = "tusdotnet", "tusdotnet\tusdotnet.csproj", "{5BA9337D-1C0C-442C-BE96-95EBD542CA85}"
EndProject
Project("{2150E333-8FDC-42A3-9474-1A3956D46DE8}") = "test", "test", "{38F739AF-5933-4416-A148-33C126AB9021}"
EndProject
Project("{9A19103F-16F7-4668-BE54-9A1E7A4F7556}") = "tusdotnet.test", "tusdotnet.test\tusdotnet.test.csproj", "{AB58A78D-D964-4C63-85E6-514370E72BA8}"
EndProject
Project("{FAE04EC0-301F-11D3-BF4B-00C04F79EFBC}") = "OwinTestApp", "TestSites\OwinTestApp\OwinTestApp.csproj", "{5649B061-2966-4286-932C-EF03BEFB9E7E}"
EndProject
Project("{2150E333-8FDC-42A3-9474-1A3956D46DE8}") = "TestSites", "TestSites", "{90C4BEDA-24DD-4E2F-AE26-D909A9BEFE64}"
EndProject
Project("{FAE04EC0-301F-11D3-BF4B-00C04F79EFBC}") = "AspNetCoreTestApp", "TestSites\AspNetCoreTestApp\AspNetCoreTestApp.csproj", "{431B55AE-DEA3-4FC2-97D3-4D1293D858B8}"
EndProject
Global
	GlobalSection(SolutionConfigurationPlatforms) = preSolution
		Debug|Any CPU = Debug|Any CPU
		Release|Any CPU = Release|Any CPU
	EndGlobalSection
	GlobalSection(ProjectConfigurationPlatforms) = postSolution
		{5BA9337D-1C0C-442C-BE96-95EBD542CA85}.Debug|Any CPU.ActiveCfg = Debug|Any CPU
		{5BA9337D-1C0C-442C-BE96-95EBD542CA85}.Debug|Any CPU.Build.0 = Debug|Any CPU
		{5BA9337D-1C0C-442C-BE96-95EBD542CA85}.Release|Any CPU.ActiveCfg = Release|Any CPU
		{5BA9337D-1C0C-442C-BE96-95EBD542CA85}.Release|Any CPU.Build.0 = Release|Any CPU
		{AB58A78D-D964-4C63-85E6-514370E72BA8}.Debug|Any CPU.ActiveCfg = Debug|Any CPU
		{AB58A78D-D964-4C63-85E6-514370E72BA8}.Debug|Any CPU.Build.0 = Debug|Any CPU
		{AB58A78D-D964-4C63-85E6-514370E72BA8}.Release|Any CPU.ActiveCfg = Release|Any CPU
		{AB58A78D-D964-4C63-85E6-514370E72BA8}.Release|Any CPU.Build.0 = Release|Any CPU
		{5649B061-2966-4286-932C-EF03BEFB9E7E}.Debug|Any CPU.ActiveCfg = Debug|Any CPU
		{5649B061-2966-4286-932C-EF03BEFB9E7E}.Debug|Any CPU.Build.0 = Debug|Any CPU
		{5649B061-2966-4286-932C-EF03BEFB9E7E}.Release|Any CPU.ActiveCfg = Release|Any CPU
		{5649B061-2966-4286-932C-EF03BEFB9E7E}.Release|Any CPU.Build.0 = Release|Any CPU
		{431B55AE-DEA3-4FC2-97D3-4D1293D858B8}.Debug|Any CPU.ActiveCfg = Debug|Any CPU
		{431B55AE-DEA3-4FC2-97D3-4D1293D858B8}.Debug|Any CPU.Build.0 = Debug|Any CPU
		{431B55AE-DEA3-4FC2-97D3-4D1293D858B8}.Release|Any CPU.ActiveCfg = Release|Any CPU
		{431B55AE-DEA3-4FC2-97D3-4D1293D858B8}.Release|Any CPU.Build.0 = Release|Any CPU
	EndGlobalSection
	GlobalSection(SolutionProperties) = preSolution
		HideSolutionNode = FALSE
	EndGlobalSection
	GlobalSection(NestedProjects) = preSolution
		{5BA9337D-1C0C-442C-BE96-95EBD542CA85} = {22CCF3EF-66E2-4710-8361-EBF5517A3B56}
		{AB58A78D-D964-4C63-85E6-514370E72BA8} = {38F739AF-5933-4416-A148-33C126AB9021}
		{5649B061-2966-4286-932C-EF03BEFB9E7E} = {90C4BEDA-24DD-4E2F-AE26-D909A9BEFE64}
		{90C4BEDA-24DD-4E2F-AE26-D909A9BEFE64} = {22CCF3EF-66E2-4710-8361-EBF5517A3B56}
		{431B55AE-DEA3-4FC2-97D3-4D1293D858B8} = {90C4BEDA-24DD-4E2F-AE26-D909A9BEFE64}
	EndGlobalSection
EndGlobal
